
Microsoft Visual Studio Solution File, Format Version 12.00
# Visual Studio 14
VisualStudioVersion = 14.0.25420.1
MinimumVisualStudioVersion = 10.0.40219.1
Project("{FAE04EC0-301F-11D3-BF4B-00C04F79EFBC}") = "Website_01", "Website_01\Website_01.csproj", "{37D35C0C-686A-40B7-B352-0B663A30BA02}"
EndProject
Global
	GlobalSection(SolutionConfigurationPlatforms) = preSolution
		Debug|Any CPU = Debug|Any CPU
		Release|Any CPU = Release|Any CPU
	EndGlobalSection
	GlobalSection(ProjectConfigurationPlatforms) = postSolution
		{37D35C0C-686A-40B7-B352-0B663A30BA02}.Debug|Any CPU.ActiveCfg = Debug|Any CPU
		{37D35C0C-686A-40B7-B352-0B663A30BA02}.Debug|Any CPU.Build.0 = Debug|Any CPU
		{37D35C0C-686A-40B7-B352-0B663A30BA02}.Release|Any CPU.ActiveCfg = Release|Any CPU
		{37D35C0C-686A-40B7-B352-0B663A30BA02}.Release|Any CPU.Build.0 = Release|Any CPU
	EndGlobalSection
	GlobalSection(SolutionProperties) = preSolution
		HideSolutionNode = FALSE
	EndGlobalSection
EndGlobal
